
Microsoft Visual Studio Solution File, Format Version 12.00
# Visual Studio 2012
Project("{9092AA53-FB77-4645-B42D-1CCCA6BD08BD}") = "TipExpert", "TipExpert.njsproj", "{76455DA0-4ED4-404E-B45F-9FF60F89561B}"
EndProject
Global
	GlobalSection(SolutionConfigurationPlatforms) = preSolution
		Debug|Any CPU = Debug|Any CPU
		Release|Any CPU = Release|Any CPU
	EndGlobalSection
	GlobalSection(ProjectConfigurationPlatforms) = postSolution
		{76455DA0-4ED4-404E-B45F-9FF60F89561B}.Debug|Any CPU.ActiveCfg = Debug|Any CPU
		{76455DA0-4ED4-404E-B45F-9FF60F89561B}.Debug|Any CPU.Build.0 = Debug|Any CPU
		{76455DA0-4ED4-404E-B45F-9FF60F89561B}.Release|Any CPU.ActiveCfg = Release|Any CPU
		{76455DA0-4ED4-404E-B45F-9FF60F89561B}.Release|Any CPU.Build.0 = Release|Any CPU
	EndGlobalSection
	GlobalSection(SolutionProperties) = preSolution
		HideSolutionNode = FALSE
	EndGlobalSection
EndGlobal
